
Microsoft Visual Studio Solution File, Format Version 12.00
# Visual Studio 2013
VisualStudioVersion = 12.0.31101.0
MinimumVisualStudioVersion = 10.0.40219.1
Project("{FAE04EC0-301F-11D3-BF4B-00C04F79EFBC}") = "SPBSU", "SPBSU\SPBSU.csproj", "{9704B27F-B3D2-4508-9D6C-E8191CF8ACE8}"
EndProject
Project("{FAE04EC0-301F-11D3-BF4B-00C04F79EFBC}") = "Graph", "Graph\Graph.csproj", "{D6C4CE0D-A36E-469E-B58C-23EE8D6966CF}"
EndProject
Project("{FAE04EC0-301F-11D3-BF4B-00C04F79EFBC}") = "Mathematics", "Mathematics\Mathematics.csproj", "{8A724BD6-E5BC-4120-A53A-C64CD689E3C7}"
EndProject
Project("{FAE04EC0-301F-11D3-BF4B-00C04F79EFBC}") = "Data", "Data\Data.csproj", "{01235A08-0493-4B29-AFA8-B279232A365F}"
EndProject
Project("{FAE04EC0-301F-11D3-BF4B-00C04F79EFBC}") = "DynamicCompiling", "DynamicCompiling\DynamicCompiling.csproj", "{61E1D4A0-C776-486C-9268-65D02B4FF25E}"
EndProject
Project("{FAE04EC0-301F-11D3-BF4B-00C04F79EFBC}") = "SPBSU.Dynamic", "SPBSU.Dynamic\SPBSU.Dynamic.csproj", "{114BA428-1D06-4910-A4AF-A05AA7833DA2}"
EndProject
Global
	GlobalSection(SolutionConfigurationPlatforms) = preSolution
		Debug|Any CPU = Debug|Any CPU
		Debug|x64 = Debug|x64
		Release|Any CPU = Release|Any CPU
		Release|x64 = Release|x64
	EndGlobalSection
	GlobalSection(ProjectConfigurationPlatforms) = postSolution
		{9704B27F-B3D2-4508-9D6C-E8191CF8ACE8}.Debug|Any CPU.ActiveCfg = Debug|Any CPU
		{9704B27F-B3D2-4508-9D6C-E8191CF8ACE8}.Debug|Any CPU.Build.0 = Debug|Any CPU
		{9704B27F-B3D2-4508-9D6C-E8191CF8ACE8}.Debug|x64.ActiveCfg = Debug|x64
		{9704B27F-B3D2-4508-9D6C-E8191CF8ACE8}.Debug|x64.Build.0 = Debug|x64
		{9704B27F-B3D2-4508-9D6C-E8191CF8ACE8}.Release|Any CPU.ActiveCfg = Release|Any CPU
		{9704B27F-B3D2-4508-9D6C-E8191CF8ACE8}.Release|Any CPU.Build.0 = Release|Any CPU
		{9704B27F-B3D2-4508-9D6C-E8191CF8ACE8}.Release|x64.ActiveCfg = Release|x64
		{9704B27F-B3D2-4508-9D6C-E8191CF8ACE8}.Release|x64.Build.0 = Release|x64
		{D6C4CE0D-A36E-469E-B58C-23EE8D6966CF}.Debug|Any CPU.ActiveCfg = Debug|Any CPU
		{D6C4CE0D-A36E-469E-B58C-23EE8D6966CF}.Debug|Any CPU.Build.0 = Debug|Any CPU
		{D6C4CE0D-A36E-469E-B58C-23EE8D6966CF}.Debug|x64.ActiveCfg = Debug|x64
		{D6C4CE0D-A36E-469E-B58C-23EE8D6966CF}.Debug|x64.Build.0 = Debug|x64
		{D6C4CE0D-A36E-469E-B58C-23EE8D6966CF}.Release|Any CPU.ActiveCfg = Release|Any CPU
		{D6C4CE0D-A36E-469E-B58C-23EE8D6966CF}.Release|Any CPU.Build.0 = Release|Any CPU
		{D6C4CE0D-A36E-469E-B58C-23EE8D6966CF}.Release|x64.ActiveCfg = Release|x64
		{D6C4CE0D-A36E-469E-B58C-23EE8D6966CF}.Release|x64.Build.0 = Release|x64
		{8A724BD6-E5BC-4120-A53A-C64CD689E3C7}.Debug|Any CPU.ActiveCfg = Debug|Any CPU
		{8A724BD6-E5BC-4120-A53A-C64CD689E3C7}.Debug|Any CPU.Build.0 = Debug|Any CPU
		{8A724BD6-E5BC-4120-A53A-C64CD689E3C7}.Debug|x64.ActiveCfg = Debug|x64
		{8A724BD6-E5BC-4120-A53A-C64CD689E3C7}.Debug|x64.Build.0 = Debug|x64
		{8A724BD6-E5BC-4120-A53A-C64CD689E3C7}.Release|Any CPU.ActiveCfg = Release|Any CPU
		{8A724BD6-E5BC-4120-A53A-C64CD689E3C7}.Release|Any CPU.Build.0 = Release|Any CPU
		{8A724BD6-E5BC-4120-A53A-C64CD689E3C7}.Release|x64.ActiveCfg = Release|x64
		{8A724BD6-E5BC-4120-A53A-C64CD689E3C7}.Release|x64.Build.0 = Release|x64
		{01235A08-0493-4B29-AFA8-B279232A365F}.Debug|Any CPU.ActiveCfg = Debug|Any CPU
		{01235A08-0493-4B29-AFA8-B279232A365F}.Debug|Any CPU.Build.0 = Debug|Any CPU
		{01235A08-0493-4B29-AFA8-B279232A365F}.Debug|x64.ActiveCfg = Debug|x64
		{01235A08-0493-4B29-AFA8-B279232A365F}.Debug|x64.Build.0 = Debug|x64
		{01235A08-0493-4B29-AFA8-B279232A365F}.Release|Any CPU.ActiveCfg = Release|Any CPU
		{01235A08-0493-4B29-AFA8-B279232A365F}.Release|Any CPU.Build.0 = Release|Any CPU
		{01235A08-0493-4B29-AFA8-B279232A365F}.Release|x64.ActiveCfg = Release|x64
		{01235A08-0493-4B29-AFA8-B279232A365F}.Release|x64.Build.0 = Release|x64
		{61E1D4A0-C776-486C-9268-65D02B4FF25E}.Debug|Any CPU.ActiveCfg = Debug|Any CPU
		{61E1D4A0-C776-486C-9268-65D02B4FF25E}.Debug|Any CPU.Build.0 = Debug|Any CPU
		{61E1D4A0-C776-486C-9268-65D02B4FF25E}.Debug|x64.ActiveCfg = Debug|x64
		{61E1D4A0-C776-486C-9268-65D02B4FF25E}.Debug|x64.Build.0 = Debug|x64
		{61E1D4A0-C776-486C-9268-65D02B4FF25E}.Release|Any CPU.ActiveCfg = Release|Any CPU
		{61E1D4A0-C776-486C-9268-65D02B4FF25E}.Release|Any CPU.Build.0 = Release|Any CPU
		{61E1D4A0-C776-486C-9268-65D02B4FF25E}.Release|x64.ActiveCfg = Release|x64
		{61E1D4A0-C776-486C-9268-65D02B4FF25E}.Release|x64.Build.0 = Release|x64
		{114BA428-1D06-4910-A4AF-A05AA7833DA2}.Debug|Any CPU.ActiveCfg = Debug|Any CPU
		{114BA428-1D06-4910-A4AF-A05AA7833DA2}.Debug|Any CPU.Build.0 = Debug|Any CPU
		{114BA428-1D06-4910-A4AF-A05AA7833DA2}.Debug|x64.ActiveCfg = Debug|x64
		{114BA428-1D06-4910-A4AF-A05AA7833DA2}.Debug|x64.Build.0 = Debug|x64
		{114BA428-1D06-4910-A4AF-A05AA7833DA2}.Release|Any CPU.ActiveCfg = Release|Any CPU
		{114BA428-1D06-4910-A4AF-A05AA7833DA2}.Release|Any CPU.Build.0 = Release|Any CPU
		{114BA428-1D06-4910-A4AF-A05AA7833DA2}.Release|x64.ActiveCfg = Release|x64
		{114BA428-1D06-4910-A4AF-A05AA7833DA2}.Release|x64.Build.0 = Release|x64
	EndGlobalSection
	GlobalSection(SolutionProperties) = preSolution
		HideSolutionNode = FALSE
	EndGlobalSection
EndGlobal
